# THIS IS AN AUTOGENERATED FILE. DO NOT EDIT THIS FILE DIRECTLY.
# yarn lockfile v1


dxf-parser@^1.0.0-alpha.2:
  version "1.0.0-alpha.2"
  resolved "https://registry.yarnpkg.com/dxf-parser/-/dxf-parser-1.0.0-alpha.2.tgz#cb9ed1f317021c6e05a26ef0836955feb19b7302"
  integrity sha512-cQ7Iaxw4REjef3MqcD0ws7OyxkivUcMjAJ3kHxd9Ip9lxP41SxvIPUnr0L9HMYHxrkuUgXw2sEgWGVqL/tE26w==
  dependencies:
    loglevel "^1.2.0"

loglevel@^1.2.0:
  version "1.7.1"
  resolved "https://registry.yarnpkg.com/loglevel/-/loglevel-1.7.1.tgz#005fde2f5e6e47068f935ff28573e125ef72f197"
  integrity sha512-Hesni4s5UkWkwCGJMQGAh71PaLUmKFM60dHvq0zi/vDhhrzuk+4GgNbTXJ12YYQJn6ZKBDNIjYcuQGKudvqrIw==
